
Microsoft Visual Studio Solution File, Format Version 12.00
# Visual Studio Version 16
VisualStudioVersion = 16.0.31025.194
MinimumVisualStudioVersion = 10.0.40219.1
Project("{FAE04EC0-301F-11D3-BF4B-00C04F79EFBC}") = "ConsoleApp2.3", "ConsoleApp2.3\ConsoleApp2.3.csproj", "{7E408D71-BD8C-48F7-B64A-2189D07DBC33}"
EndProject
Global
	GlobalSection(SolutionConfigurationPlatforms) = preSolution
		Debug|Any CPU = Debug|Any CPU
		Release|Any CPU = Release|Any CPU
	EndGlobalSection
	GlobalSection(ProjectConfigurationPlatforms) = postSolution
		{7E408D71-BD8C-48F7-B64A-2189D07DBC33}.Debug|Any CPU.ActiveCfg = Debug|Any CPU
		{7E408D71-BD8C-48F7-B64A-2189D07DBC33}.Debug|Any CPU.Build.0 = Debug|Any CPU
		{7E408D71-BD8C-48F7-B64A-2189D07DBC33}.Release|Any CPU.ActiveCfg = Release|Any CPU
		{7E408D71-BD8C-48F7-B64A-2189D07DBC33}.Release|Any CPU.Build.0 = Release|Any CPU
	EndGlobalSection
	GlobalSection(SolutionProperties) = preSolution
		HideSolutionNode = FALSE
	EndGlobalSection
	GlobalSection(ExtensibilityGlobals) = postSolution
		SolutionGuid = {2DFBCA29-F57C-4C5E-9F72-1970BA1C57FB}
	EndGlobalSection
EndGlobal
